// !$*UTF8*$!
{
	archiveVersion = 1;
	classes = {
	};
	objectVersion = 46;
	objects = {

/* Begin PBXBuildFile section */
		50C9C4A4393E05F684BCB770 /* Pods_EVE.framework in Frameworks */ = {isa = PBXBuildFile; fileRef = 3A6DDBD9DDDF92D63D5EB6A0 /* Pods_EVE.framework */; settings = {ATTRIBUTES = (Weak, ); }; };
		6402F2611B6857940069F8C5 /* Constellation.swift in Sources */ = {isa = PBXBuildFile; fileRef = 6402F2601B6857940069F8C5 /* Constellation.swift */; };
		640AE8201B69A5E20068EE94 /* Portrait.png in Resources */ = {isa = PBXBuildFile; fileRef = 640AE81D1B69A5E20068EE94 /* Portrait.png */; };
		640AE8211B69A5E20068EE94 /* FCON.png in Resources */ = {isa = PBXBuildFile; fileRef = 640AE81E1B69A5E20068EE94 /* FCON.png */; };
		640AE8221B69A5E20068EE94 /* NNS.png in Resources */ = {isa = PBXBuildFile; fileRef = 640AE81F1B69A5E20068EE94 /* NNS.png */; };
		64328B7C1B63B7540036B88F /* AVFoundation.framework in Frameworks */ = {isa = PBXBuildFile; fileRef = 64328B7B1B63B7540036B88F /* AVFoundation.framework */; };
		64328B7F1B63B7930036B88F /* bg.mp4 in Resources */ = {isa = PBXBuildFile; fileRef = 64328B7E1B63B7930036B88F /* bg.mp4 */; };
		64350CAC1B6EF3C500726BA1 /* market.png in Resources */ = {isa = PBXBuildFile; fileRef = 64350CAB1B6EF3C500726BA1 /* market.png */; };
		64350CAE1B6EF3D800726BA1 /* calendar.png in Resources */ = {isa = PBXBuildFile; fileRef = 64350CAD1B6EF3D800726BA1 /* calendar.png */; };
		64350CB01B6EF83400726BA1 /* Industry.png in Resources */ = {isa = PBXBuildFile; fileRef = 64350CAF1B6EF83400726BA1 /* Industry.png */; };
		64350CB21B6EF83C00726BA1 /* killreport.png in Resources */ = {isa = PBXBuildFile; fileRef = 64350CB11B6EF83C00726BA1 /* killreport.png */; };
		64350CB41B6EFB6A00726BA1 /* Settings.png in Resources */ = {isa = PBXBuildFile; fileRef = 64350CB31B6EFB6A00726BA1 /* Settings.png */; };
		64421DFD1B63C7CB00CD6F28 /* CRest.swift in Sources */ = {isa = PBXBuildFile; fileRef = 64421DFC1B63C7CB00CD6F28 /* CRest.swift */; };
		644D88191B65123D00BF6FAC /* URLParser.swift in Sources */ = {isa = PBXBuildFile; fileRef = 644D88181B65123D00BF6FAC /* URLParser.swift */; };
		645DD2DA1B6CC0990076F8E3 /* LineH.png in Resources */ = {isa = PBXBuildFile; fileRef = 645DD2D91B6CC0990076F8E3 /* LineH.png */; };
		645DD2DC1B6CC34E0076F8E3 /* HomeScrollLabel.swift in Sources */ = {isa = PBXBuildFile; fileRef = 645DD2DB1B6CC34E0076F8E3 /* HomeScrollLabel.swift */; };
		6462EF771B6C524F008E2FBA /* eve.ttf in Resources */ = {isa = PBXBuildFile; fileRef = 6462EF751B6C524F008E2FBA /* eve.ttf */; };
		6462EF841B6C53F2008E2FBA /* evesansneue-bold.otf in Resources */ = {isa = PBXBuildFile; fileRef = 6462EF781B6C53F2008E2FBA /* evesansneue-bold.otf */; };
		6462EF851B6C53F2008E2FBA /* evesansneue-bolditalic.otf in Resources */ = {isa = PBXBuildFile; fileRef = 6462EF791B6C53F2008E2FBA /* evesansneue-bolditalic.otf */; };
		6462EF861B6C53F2008E2FBA /* evesansneue-condensed.otf in Resources */ = {isa = PBXBuildFile; fileRef = 6462EF7A1B6C53F2008E2FBA /* evesansneue-condensed.otf */; };
		6462EF871B6C53F2008E2FBA /* evesansneue-condensedbold.otf in Resources */ = {isa = PBXBuildFile; fileRef = 6462EF7B1B6C53F2008E2FBA /* evesansneue-condensedbold.otf */; };
		6462EF881B6C53F2008E2FBA /* evesansneue-condensedbolditalic.otf in Resources */ = {isa = PBXBuildFile; fileRef = 6462EF7C1B6C53F2008E2FBA /* evesansneue-condensedbolditalic.otf */; };
		6462EF891B6C53F2008E2FBA /* evesansneue-condenseditalic.otf in Resources */ = {isa = PBXBuildFile; fileRef = 6462EF7D1B6C53F2008E2FBA /* evesansneue-condenseditalic.otf */; };
		6462EF8A1B6C53F2008E2FBA /* evesansneue-expanded.otf in Resources */ = {isa = PBXBuildFile; fileRef = 6462EF7E1B6C53F2008E2FBA /* evesansneue-expanded.otf */; };
		6462EF8B1B6C53F2008E2FBA /* evesansneue-expandedbold.otf in Resources */ = {isa = PBXBuildFile; fileRef = 6462EF7F1B6C53F2008E2FBA /* evesansneue-expandedbold.otf */; };
		6462EF8C1B6C53F2008E2FBA /* evesansneue-expandedbolditalic.otf in Resources */ = {isa = PBXBuildFile; fileRef = 6462EF801B6C53F2008E2FBA /* evesansneue-expandedbolditalic.otf */; };
		6462EF8D1B6C53F2008E2FBA /* evesansneue-expandeditalic.otf in Resources */ = {isa = PBXBuildFile; fileRef = 6462EF811B6C53F2008E2FBA /* evesansneue-expandeditalic.otf */; };
		6462EF8E1B6C53F2008E2FBA /* evesansneue-italic.otf in Resources */ = {isa = PBXBuildFile; fileRef = 6462EF821B6C53F2008E2FBA /* evesansneue-italic.otf */; };
		6462EF8F1B6C53F2008E2FBA /* evesansneue-regular.otf in Resources */ = {isa = PBXBuildFile; fileRef = 6462EF831B6C53F2008E2FBA /* evesansneue-regular.otf */; };
		6462EF911B6C54F9008E2FBA /* HomeGradientView.swift in Sources */ = {isa = PBXBuildFile; fileRef = 6462EF901B6C54F9008E2FBA /* HomeGradientView.swift */; };
		647A49D61B68532500D64D17 /* Main.storyboard in Resources */ = {isa = PBXBuildFile; fileRef = 647A49D41B68532500D64D17 /* Main.storyboard */; };
		64963B3C1B67923500317D74 /* Virgo.png in Resources */ = {isa = PBXBuildFile; fileRef = 64963B3B1B67923500317D74 /* Virgo.png */; };
		64963B3F1B679AC800317D74 /* charactersheet.png in Resources */ = {isa = PBXBuildFile; fileRef = 64963B3E1B679AC800317D74 /* charactersheet.png */; };
		64963B411B679AD700317D74 /* assets.png in Resources */ = {isa = PBXBuildFile; fileRef = 64963B401B679AD700317D74 /* assets.png */; };
		64963B431B679AEB00317D74 /* wallet.png in Resources */ = {isa = PBXBuildFile; fileRef = 64963B421B679AEB00317D74 /* wallet.png */; };
		64963B451B679AF400317D74 /* skills.png in Resources */ = {isa = PBXBuildFile; fileRef = 64963B441B679AF400317D74 /* skills.png */; };
		64963B471B679B0700317D74 /* evemail.png in Resources */ = {isa = PBXBuildFile; fileRef = 64963B461B679B0700317D74 /* evemail.png */; };
		64ACB1A61B6371CA00C8C22A /* AppDelegate.swift in Sources */ = {isa = PBXBuildFile; fileRef = 64ACB1A51B6371CA00C8C22A /* AppDelegate.swift */; };
		64ACB1A81B6371CA00C8C22A /* HomeViewController.swift in Sources */ = {isa = PBXBuildFile; fileRef = 64ACB1A71B6371CA00C8C22A /* HomeViewController.swift */; };
		64ACB1AD1B6371CA00C8C22A /* Assets.xcassets in Resources */ = {isa = PBXBuildFile; fileRef = 64ACB1AC1B6371CA00C8C22A /* Assets.xcassets */; };
		64ACB1B01B6371CA00C8C22A /* LaunchScreen.storyboard in Resources */ = {isa = PBXBuildFile; fileRef = 64ACB1AE1B6371CA00C8C22A /* LaunchScreen.storyboard */; };
		64ACB1BB1B6371CA00C8C22A /* EVETests.swift in Sources */ = {isa = PBXBuildFile; fileRef = 64ACB1BA1B6371CA00C8C22A /* EVETests.swift */; };
		64ACB1C61B6371CA00C8C22A /* EVEUITests.swift in Sources */ = {isa = PBXBuildFile; fileRef = 64ACB1C51B6371CA00C8C22A /* EVEUITests.swift */; };
		64C31B111B6DABAC00F67C07 /* LineV.png in Resources */ = {isa = PBXBuildFile; fileRef = 64C31B101B6DABAC00F67C07 /* LineV.png */; };
		64DD9E931B66322C00B51AC4 /* EVE_SSO_Login_Button.png in Resources */ = {isa = PBXBuildFile; fileRef = 64DD9E921B66322C00B51AC4 /* EVE_SSO_Login_Button.png */; };
		64DD9E9B1B6704CB00B51AC4 /* spark.png in Resources */ = {isa = PBXBuildFile; fileRef = 64DD9E991B6704CB00B51AC4 /* spark.png */; };
		64DD9E9D1B67055600B51AC4 /* eve-logo-flare.png in Resources */ = {isa = PBXBuildFile; fileRef = 64DD9E9C1B67055600B51AC4 /* eve-logo-flare.png */; };
		64DD9EA31B67068600B51AC4 /* SceneKit.framework in Frameworks */ = {isa = PBXBuildFile; fileRef = 64DD9EA21B67068600B51AC4 /* SceneKit.framework */; };
		985A2C5CA8D6E690EF3E6E8F /* Pods.framework in Frameworks */ = {isa = PBXBuildFile; fileRef = 84344752EB0460553F090A1B /* Pods.framework */; settings = {ATTRIBUTES = (Weak, ); }; };
		A48723FD4C705C486749988B /* Pods.framework in Frameworks */ = {isa = PBXBuildFile; fileRef = 84344752EB0460553F090A1B /* Pods.framework */; settings = {ATTRIBUTES = (Weak, ); }; };
/* End PBXBuildFile section */

/* Begin PBXContainerItemProxy section */
		64ACB1B71B6371CA00C8C22A /* PBXContainerItemProxy */ = {
			isa = PBXContainerItemProxy;
			containerPortal = 64ACB19A1B6371CA00C8C22A /* Project object */;
			proxyType = 1;
			remoteGlobalIDString = 64ACB1A11B6371CA00C8C22A;
			remoteInfo = EVE;
		};
		64ACB1C21B6371CA00C8C22A /* PBXContainerItemProxy */ = {
			isa = PBXContainerItemProxy;
			containerPortal = 64ACB19A1B6371CA00C8C22A /* Project object */;
			proxyType = 1;
			remoteGlobalIDString = 64ACB1A11B6371CA00C8C22A;
			remoteInfo = EVE;
		};
/* End PBXContainerItemProxy section */

/* Begin PBXFileReference section */
		0752937F816D1B63C2CA9B02 /* Pods-EVE.debug.xcconfig */ = {isa = PBXFileReference; includeInIndex = 1; lastKnownFileType = text.xcconfig; name = "Pods-EVE.debug.xcconfig"; path = "Pods/Target Support Files/Pods-EVE/Pods-EVE.debug.xcconfig"; sourceTree = "<group>"; };
		3A6DDBD9DDDF92D63D5EB6A0 /* Pods_EVE.framework */ = {isa = PBXFileReference; explicitFileType = wrapper.framework; includeInIndex = 0; path = Pods_EVE.framework; sourceTree = BUILT_PRODUCTS_DIR; };
		6402F2601B6857940069F8C5 /* Constellation.swift */ = {isa = PBXFileReference; fileEncoding = 4; lastKnownFileType = sourcecode.swift; path = Constellation.swift; sourceTree = "<group>"; };
		640AE81D1B69A5E20068EE94 /* Portrait.png */ = {isa = PBXFileReference; lastKnownFileType = image.png; path = Portrait.png; sourceTree = "<group>"; };
		640AE81E1B69A5E20068EE94 /* FCON.png */ = {isa = PBXFileReference; lastKnownFileType = image.png; path = FCON.png; sourceTree = "<group>"; };
		640AE81F1B69A5E20068EE94 /* NNS.png */ = {isa = PBXFileReference; lastKnownFileType = image.png; path = NNS.png; sourceTree = "<group>"; };
		64328B7B1B63B7540036B88F /* AVFoundation.framework */ = {isa = PBXFileReference; lastKnownFileType = wrapper.framework; name = AVFoundation.framework; path = System/Library/Frameworks/AVFoundation.framework; sourceTree = SDKROOT; };
		64328B7E1B63B7930036B88F /* bg.mp4 */ = {isa = PBXFileReference; lastKnownFileType = file; path = bg.mp4; sourceTree = "<group>"; };
		64350CAB1B6EF3C500726BA1 /* market.png */ = {isa = PBXFileReference; lastKnownFileType = image.png; path = market.png; sourceTree = "<group>"; };
		64350CAD1B6EF3D800726BA1 /* calendar.png */ = {isa = PBXFileReference; lastKnownFileType = image.png; path = calendar.png; sourceTree = "<group>"; };
		64350CAF1B6EF83400726BA1 /* Industry.png */ = {isa = PBXFileReference; lastKnownFileType = image.png; path = Industry.png; sourceTree = "<group>"; };
		64350CB11B6EF83C00726BA1 /* killreport.png */ = {isa = PBXFileReference; lastKnownFileType = image.png; path = killreport.png; sourceTree = "<group>"; };
		64350CB31B6EFB6A00726BA1 /* Settings.png */ = {isa = PBXFileReference; lastKnownFileType = image.png; path = Settings.png; sourceTree = "<group>"; };
		64421DFC1B63C7CB00CD6F28 /* CRest.swift */ = {isa = PBXFileReference; fileEncoding = 4; lastKnownFileType = sourcecode.swift; path = CRest.swift; sourceTree = "<group>"; };
		644D88181B65123D00BF6FAC /* URLParser.swift */ = {isa = PBXFileReference; fileEncoding = 4; lastKnownFileType = sourcecode.swift; path = URLParser.swift; sourceTree = "<group>"; };
		645DD2D91B6CC0990076F8E3 /* LineH.png */ = {isa = PBXFileReference; lastKnownFileType = image.png; path = LineH.png; sourceTree = "<group>"; };
		645DD2DB1B6CC34E0076F8E3 /* HomeScrollLabel.swift */ = {isa = PBXFileReference; fileEncoding = 4; lastKnownFileType = sourcecode.swift; path = HomeScrollLabel.swift; sourceTree = "<group>"; };
		6462EF751B6C524F008E2FBA /* eve.ttf */ = {isa = PBXFileReference; lastKnownFileType = file; path = eve.ttf; sourceTree = "<group>"; };
		6462EF781B6C53F2008E2FBA /* evesansneue-bold.otf */ = {isa = PBXFileReference; lastKnownFileType = file; path = "evesansneue-bold.otf"; sourceTree = "<group>"; };
		6462EF791B6C53F2008E2FBA /* evesansneue-bolditalic.otf */ = {isa = PBXFileReference; lastKnownFileType = file; path = "evesansneue-bolditalic.otf"; sourceTree = "<group>"; };
		6462EF7A1B6C53F2008E2FBA /* evesansneue-condensed.otf */ = {isa = PBXFileReference; lastKnownFileType = file; path = "evesansneue-condensed.otf"; sourceTree = "<group>"; };
		6462EF7B1B6C53F2008E2FBA /* evesansneue-condensedbold.otf */ = {isa = PBXFileReference; lastKnownFileType = file; path = "evesansneue-condensedbold.otf"; sourceTree = "<group>"; };
		6462EF7C1B6C53F2008E2FBA /* evesansneue-condensedbolditalic.otf */ = {isa = PBXFileReference; lastKnownFileType = file; path = "evesansneue-condensedbolditalic.otf"; sourceTree = "<group>"; };
		6462EF7D1B6C53F2008E2FBA /* evesansneue-condenseditalic.otf */ = {isa = PBXFileReference; lastKnownFileType = file; path = "evesansneue-condenseditalic.otf"; sourceTree = "<group>"; };
		6462EF7E1B6C53F2008E2FBA /* evesansneue-expanded.otf */ = {isa = PBXFileReference; lastKnownFileType = file; path = "evesansneue-expanded.otf"; sourceTree = "<group>"; };
		6462EF7F1B6C53F2008E2FBA /* evesansneue-expandedbold.otf */ = {isa = PBXFileReference; lastKnownFileType = file; path = "evesansneue-expandedbold.otf"; sourceTree = "<group>"; };
		6462EF801B6C53F2008E2FBA /* evesansneue-expandedbolditalic.otf */ = {isa = PBXFileReference; lastKnownFileType = file; path = "evesansneue-expandedbolditalic.otf"; sourceTree = "<group>"; };
		6462EF811B6C53F2008E2FBA /* evesansneue-expandeditalic.otf */ = {isa = PBXFileReference; lastKnownFileType = file; path = "evesansneue-expandeditalic.otf"; sourceTree = "<group>"; };
		6462EF821B6C53F2008E2FBA /* evesansneue-italic.otf */ = {isa = PBXFileReference; lastKnownFileType = file; path = "evesansneue-italic.otf"; sourceTree = "<group>"; };
		6462EF831B6C53F2008E2FBA /* evesansneue-regular.otf */ = {isa = PBXFileReference; lastKnownFileType = file; path = "evesansneue-regular.otf"; sourceTree = "<group>"; };
		6462EF901B6C54F9008E2FBA /* HomeGradientView.swift */ = {isa = PBXFileReference; fileEncoding = 4; lastKnownFileType = sourcecode.swift; path = HomeGradientView.swift; sourceTree = "<group>"; };
		647A49D51B68532500D64D17 /* Base */ = {isa = PBXFileReference; lastKnownFileType = file.storyboard; name = Base; path = Base.lproj/Main.storyboard; sourceTree = "<group>"; };
		64963B3B1B67923500317D74 /* Virgo.png */ = {isa = PBXFileReference; lastKnownFileType = image.png; path = Virgo.png; sourceTree = "<group>"; };
		64963B3E1B679AC800317D74 /* charactersheet.png */ = {isa = PBXFileReference; lastKnownFileType = image.png; path = charactersheet.png; sourceTree = "<group>"; };
		64963B401B679AD700317D74 /* assets.png */ = {isa = PBXFileReference; lastKnownFileType = image.png; path = assets.png; sourceTree = "<group>"; };
		64963B421B679AEB00317D74 /* wallet.png */ = {isa = PBXFileReference; lastKnownFileType = image.png; path = wallet.png; sourceTree = "<group>"; };
		64963B441B679AF400317D74 /* skills.png */ = {isa = PBXFileReference; lastKnownFileType = image.png; path = skills.png; sourceTree = "<group>"; };
		64963B461B679B0700317D74 /* evemail.png */ = {isa = PBXFileReference; lastKnownFileType = image.png; path = evemail.png; sourceTree = "<group>"; };
		64ACB1A21B6371CA00C8C22A /* EVE.app */ = {isa = PBXFileReference; explicitFileType = wrapper.application; includeInIndex = 0; path = EVE.app; sourceTree = BUILT_PRODUCTS_DIR; };
		64ACB1A51B6371CA00C8C22A /* AppDelegate.swift */ = {isa = PBXFileReference; lastKnownFileType = sourcecode.swift; path = AppDelegate.swift; sourceTree = "<group>"; };
		64ACB1A71B6371CA00C8C22A /* HomeViewController.swift */ = {isa = PBXFileReference; lastKnownFileType = sourcecode.swift; path = HomeViewController.swift; sourceTree = "<group>"; };
		64ACB1AC1B6371CA00C8C22A /* Assets.xcassets */ = {isa = PBXFileReference; lastKnownFileType = folder.assetcatalog; path = Assets.xcassets; sourceTree = "<group>"; };
		64ACB1AF1B6371CA00C8C22A /* Base */ = {isa = PBXFileReference; lastKnownFileType = file.storyboard; name = Base; path = Base.lproj/LaunchScreen.storyboard; sourceTree = "<group>"; };
		64ACB1B11B6371CA00C8C22A /* Info.plist */ = {isa = PBXFileReference; lastKnownFileType = text.plist.xml; path = Info.plist; sourceTree = "<group>"; };
		64ACB1B61B6371CA00C8C22A /* EVETests.xctest */ = {isa = PBXFileReference; explicitFileType = wrapper.cfbundle; includeInIndex = 0; path = EVETests.xctest; sourceTree = BUILT_PRODUCTS_DIR; };
		64ACB1BA1B6371CA00C8C22A /* EVETests.swift */ = {isa = PBXFileReference; lastKnownFileType = sourcecode.swift; path = EVETests.swift; sourceTree = "<group>"; };
		64ACB1BC1B6371CA00C8C22A /* Info.plist */ = {isa = PBXFileReference; lastKnownFileType = text.plist.xml; path = Info.plist; sourceTree = "<group>"; };
		64ACB1C11B6371CA00C8C22A /* EVEUITests.xctest */ = {isa = PBXFileReference; explicitFileType = wrapper.cfbundle; includeInIndex = 0; path = EVEUITests.xctest; sourceTree = BUILT_PRODUCTS_DIR; };
		64ACB1C51B6371CA00C8C22A /* EVEUITests.swift */ = {isa = PBXFileReference; lastKnownFileType = sourcecode.swift; path = EVEUITests.swift; sourceTree = "<group>"; };
		64ACB1C71B6371CA00C8C22A /* Info.plist */ = {isa = PBXFileReference; lastKnownFileType = text.plist.xml; path = Info.plist; sourceTree = "<group>"; };
		64C31B101B6DABAC00F67C07 /* LineV.png */ = {isa = PBXFileReference; lastKnownFileType = image.png; path = LineV.png; sourceTree = "<group>"; };
		64DD9E921B66322C00B51AC4 /* EVE_SSO_Login_Button.png */ = {isa = PBXFileReference; lastKnownFileType = image.png; path = EVE_SSO_Login_Button.png; sourceTree = "<group>"; };
		64DD9E991B6704CB00B51AC4 /* spark.png */ = {isa = PBXFileReference; lastKnownFileType = image.png; path = spark.png; sourceTree = "<group>"; };
		64DD9E9C1B67055600B51AC4 /* eve-logo-flare.png */ = {isa = PBXFileReference; lastKnownFileType = image.png; path = "eve-logo-flare.png"; sourceTree = "<group>"; };
		64DD9EA21B67068600B51AC4 /* SceneKit.framework */ = {isa = PBXFileReference; lastKnownFileType = wrapper.framework; name = SceneKit.framework; path = System/Library/Frameworks/SceneKit.framework; sourceTree = SDKROOT; };
		6DA670D2BD31A265DD81837A /* Pods-EVE.release.xcconfig */ = {isa = PBXFileReference; includeInIndex = 1; lastKnownFileType = text.xcconfig; name = "Pods-EVE.release.xcconfig"; path = "Pods/Target Support Files/Pods-EVE/Pods-EVE.release.xcconfig"; sourceTree = "<group>"; };
		84344752EB0460553F090A1B /* Pods.framework */ = {isa = PBXFileReference; explicitFileType = wrapper.framework; includeInIndex = 0; path = Pods.framework; sourceTree = BUILT_PRODUCTS_DIR; };
		D279A84A0BAE59DA701DDCA8 /* Pods.debug.xcconfig */ = {isa = PBXFileReference; includeInIndex = 1; lastKnownFileType = text.xcconfig; name = Pods.debug.xcconfig; path = "Pods/Target Support Files/Pods/Pods.debug.xcconfig"; sourceTree = "<group>"; };
		EB186415FC884F0170A3C43B /* Pods.release.xcconfig */ = {isa = PBXFileReference; includeInIndex = 1; lastKnownFileType = text.xcconfig; name = Pods.release.xcconfig; path = "Pods/Target Support Files/Pods/Pods.release.xcconfig"; sourceTree = "<group>"; };
/* End PBXFileReference section */

/* Begin PBXFrameworksBuildPhase section */
		64ACB19F1B6371CA00C8C22A /* Frameworks */ = {
			isa = PBXFrameworksBuildPhase;
			buildActionMask = 2147483647;
			files = (
				64DD9EA31B67068600B51AC4 /* SceneKit.framework in Frameworks */,
				64328B7C1B63B7540036B88F /* AVFoundation.framework in Frameworks */,
				50C9C4A4393E05F684BCB770 /* Pods_EVE.framework in Frameworks */,
				A48723FD4C705C486749988B /* Pods.framework in Frameworks */,
			);
			runOnlyForDeploymentPostprocessing = 0;
		};
		64ACB1B31B6371CA00C8C22A /* Frameworks */ = {
			isa = PBXFrameworksBuildPhase;
			buildActionMask = 2147483647;
			files = (
				985A2C5CA8D6E690EF3E6E8F /* Pods.framework in Frameworks */,
			);
			runOnlyForDeploymentPostprocessing = 0;
		};
		64ACB1BE1B6371CA00C8C22A /* Frameworks */ = {
			isa = PBXFrameworksBuildPhase;
			buildActionMask = 2147483647;
			files = (
			);
			runOnlyForDeploymentPostprocessing = 0;
		};
/* End PBXFrameworksBuildPhase section */

/* Begin PBXGroup section */
		09C83009A7780C8479833445 /* Pods */ = {
			isa = PBXGroup;
			children = (
				0752937F816D1B63C2CA9B02 /* Pods-EVE.debug.xcconfig */,
				6DA670D2BD31A265DD81837A /* Pods-EVE.release.xcconfig */,
				D279A84A0BAE59DA701DDCA8 /* Pods.debug.xcconfig */,
				EB186415FC884F0170A3C43B /* Pods.release.xcconfig */,
			);
			name = Pods;
			sourceTree = "<group>";
		};
		64328B7D1B63B7760036B88F /* Resources */ = {
			isa = PBXGroup;
			children = (
				6462EF731B6C5232008E2FBA /* Fonts */,
				64963B3D1B679A8F00317D74 /* Icons */,
				64963B3B1B67923500317D74 /* Virgo.png */,
				64DD9E9C1B67055600B51AC4 /* eve-logo-flare.png */,
				64DD9E991B6704CB00B51AC4 /* spark.png */,
				64DD9E921B66322C00B51AC4 /* EVE_SSO_Login_Button.png */,
				645DD2D91B6CC0990076F8E3 /* LineH.png */,
				64C31B101B6DABAC00F67C07 /* LineV.png */,
				64328B7E1B63B7930036B88F /* bg.mp4 */,
			);
			name = Resources;
			sourceTree = "<group>";
		};
		64421DFB1B63C7A200CD6F28 /* CREST */ = {
			isa = PBXGroup;
			children = (
				64421DFC1B63C7CB00CD6F28 /* CRest.swift */,
			);
			name = CREST;
			sourceTree = "<group>";
		};
		644D88161B65094600BF6FAC /* API */ = {
			isa = PBXGroup;
			children = (
				644D88171B65095100BF6FAC /* XML */,
				64421DFB1B63C7A200CD6F28 /* CREST */,
			);
			name = API;
			sourceTree = "<group>";
		};
		644D88171B65095100BF6FAC /* XML */ = {
			isa = PBXGroup;
			children = (
			);
			name = XML;
			sourceTree = "<group>";
		};
		6462EF731B6C5232008E2FBA /* Fonts */ = {
			isa = PBXGroup;
			children = (
				6462EF781B6C53F2008E2FBA /* evesansneue-bold.otf */,
				6462EF791B6C53F2008E2FBA /* evesansneue-bolditalic.otf */,
				6462EF7A1B6C53F2008E2FBA /* evesansneue-condensed.otf */,
				6462EF7B1B6C53F2008E2FBA /* evesansneue-condensedbold.otf */,
				6462EF7C1B6C53F2008E2FBA /* evesansneue-condensedbolditalic.otf */,
				6462EF7D1B6C53F2008E2FBA /* evesansneue-condenseditalic.otf */,
				6462EF7E1B6C53F2008E2FBA /* evesansneue-expanded.otf */,
				6462EF7F1B6C53F2008E2FBA /* evesansneue-expandedbold.otf */,
				6462EF801B6C53F2008E2FBA /* evesansneue-expandedbolditalic.otf */,
				6462EF811B6C53F2008E2FBA /* evesansneue-expandeditalic.otf */,
				6462EF821B6C53F2008E2FBA /* evesansneue-italic.otf */,
				6462EF831B6C53F2008E2FBA /* evesansneue-regular.otf */,
				6462EF751B6C524F008E2FBA /* eve.ttf */,
			);
			name = Fonts;
			sourceTree = "<group>";
		};
		64963B3D1B679A8F00317D74 /* Icons */ = {
			isa = PBXGroup;
			children = (
				64350CB31B6EFB6A00726BA1 /* Settings.png */,
				64350CB11B6EF83C00726BA1 /* killreport.png */,
				64350CAF1B6EF83400726BA1 /* Industry.png */,
				64350CAD1B6EF3D800726BA1 /* calendar.png */,
				64350CAB1B6EF3C500726BA1 /* market.png */,
				640AE81D1B69A5E20068EE94 /* Portrait.png */,
				640AE81E1B69A5E20068EE94 /* FCON.png */,
				640AE81F1B69A5E20068EE94 /* NNS.png */,
				64963B461B679B0700317D74 /* evemail.png */,
				64963B441B679AF400317D74 /* skills.png */,
				64963B421B679AEB00317D74 /* wallet.png */,
				64963B401B679AD700317D74 /* assets.png */,
				64963B3E1B679AC800317D74 /* charactersheet.png */,
			);
			name = Icons;
			sourceTree = "<group>";
		};
		64ACB1991B6371CA00C8C22A = {
			isa = PBXGroup;
			children = (
				64ACB1A41B6371CA00C8C22A /* EVE */,
				64ACB1B91B6371CA00C8C22A /* EVETests */,
				64ACB1C41B6371CA00C8C22A /* EVEUITests */,
				64ACB1A31B6371CA00C8C22A /* Products */,
				09C83009A7780C8479833445 /* Pods */,
				EB0146782E8CC3B9D5CAF24E /* Frameworks */,
			);
			sourceTree = "<group>";
		};
		64ACB1A31B6371CA00C8C22A /* Products */ = {
			isa = PBXGroup;
			children = (
				64ACB1A21B6371CA00C8C22A /* EVE.app */,
				64ACB1B61B6371CA00C8C22A /* EVETests.xctest */,
				64ACB1C11B6371CA00C8C22A /* EVEUITests.xctest */,
			);
			name = Products;
			sourceTree = "<group>";
		};
		64ACB1A41B6371CA00C8C22A /* EVE */ = {
			isa = PBXGroup;
			children = (
				644D88161B65094600BF6FAC /* API */,
				64ACB1A51B6371CA00C8C22A /* AppDelegate.swift */,
				644D88181B65123D00BF6FAC /* URLParser.swift */,
				64ACB1A71B6371CA00C8C22A /* HomeViewController.swift */,
				6402F2601B6857940069F8C5 /* Constellation.swift */,
				64ACB1AC1B6371CA00C8C22A /* Assets.xcassets */,
				647A49D41B68532500D64D17 /* Main.storyboard */,
				645DD2DB1B6CC34E0076F8E3 /* HomeScrollLabel.swift */,
				6462EF901B6C54F9008E2FBA /* HomeGradientView.swift */,
				64ACB1AE1B6371CA00C8C22A /* LaunchScreen.storyboard */,
				64ACB1B11B6371CA00C8C22A /* Info.plist */,
				64328B7D1B63B7760036B88F /* Resources */,
			);
			path = EVE;
			sourceTree = "<group>";
		};
		64ACB1B91B6371CA00C8C22A /* EVETests */ = {
			isa = PBXGroup;
			children = (
				64ACB1BA1B6371CA00C8C22A /* EVETests.swift */,
				64ACB1BC1B6371CA00C8C22A /* Info.plist */,
			);
			path = EVETests;
			sourceTree = "<group>";
		};
		64ACB1C41B6371CA00C8C22A /* EVEUITests */ = {
			isa = PBXGroup;
			children = (
				64ACB1C51B6371CA00C8C22A /* EVEUITests.swift */,
				64ACB1C71B6371CA00C8C22A /* Info.plist */,
			);
			path = EVEUITests;
			sourceTree = "<group>";
		};
		EB0146782E8CC3B9D5CAF24E /* Frameworks */ = {
			isa = PBXGroup;
			children = (
				64DD9EA21B67068600B51AC4 /* SceneKit.framework */,
				64328B7B1B63B7540036B88F /* AVFoundation.framework */,
				3A6DDBD9DDDF92D63D5EB6A0 /* Pods_EVE.framework */,
				84344752EB0460553F090A1B /* Pods.framework */,
			);
			name = Frameworks;
			sourceTree = "<group>";
		};
/* End PBXGroup section */

/* Begin PBXNativeTarget section */
		64ACB1A11B6371CA00C8C22A /* EVE */ = {
			isa = PBXNativeTarget;
			buildConfigurationList = 64ACB1CA1B6371CA00C8C22A /* Build configuration list for PBXNativeTarget "EVE" */;
			buildPhases = (
				2A1DC2CA77D304E8037982F4 /* Check Pods Manifest.lock */,
				64ACB19E1B6371CA00C8C22A /* Sources */,
				64ACB19F1B6371CA00C8C22A /* Frameworks */,
				64ACB1A01B6371CA00C8C22A /* Resources */,
				8EA1B566C2B933F72DE3841E /* Copy Pods Resources */,
				C32990AED90E5970D8B5D3AA /* Embed Pods Frameworks */,
			);
			buildRules = (
			);
			dependencies = (
			);
			name = EVE;
			productName = EVE;
			productReference = 64ACB1A21B6371CA00C8C22A /* EVE.app */;
			productType = "com.apple.product-type.application";
		};
		64ACB1B51B6371CA00C8C22A /* EVETests */ = {
			isa = PBXNativeTarget;
			buildConfigurationList = 64ACB1CD1B6371CA00C8C22A /* Build configuration list for PBXNativeTarget "EVETests" */;
			buildPhases = (
				97F85D1F7B9D7E298A1A247C /* Check Pods Manifest.lock */,
				64ACB1B21B6371CA00C8C22A /* Sources */,
				64ACB1B31B6371CA00C8C22A /* Frameworks */,
				64ACB1B41B6371CA00C8C22A /* Resources */,
				322DF2591E2D0B06129C1D44 /* Embed Pods Frameworks */,
				45AB43F28FE5069418DEA498 /* Copy Pods Resources */,
			);
			buildRules = (
			);
			dependencies = (
				64ACB1B81B6371CA00C8C22A /* PBXTargetDependency */,
			);
			name = EVETests;
			productName = EVETests;
			productReference = 64ACB1B61B6371CA00C8C22A /* EVETests.xctest */;
			productType = "com.apple.product-type.bundle.unit-test";
		};
		64ACB1C01B6371CA00C8C22A /* EVEUITests */ = {
			isa = PBXNativeTarget;
			buildConfigurationList = 64ACB1D01B6371CA00C8C22A /* Build configuration list for PBXNativeTarget "EVEUITests" */;
			buildPhases = (
				64ACB1BD1B6371CA00C8C22A /* Sources */,
				64ACB1BE1B6371CA00C8C22A /* Frameworks */,
				64ACB1BF1B6371CA00C8C22A /* Resources */,
			);
			buildRules = (
			);
			dependencies = (
				64ACB1C31B6371CA00C8C22A /* PBXTargetDependency */,
			);
			name = EVEUITests;
			productName = EVEUITests;
			productReference = 64ACB1C11B6371CA00C8C22A /* EVEUITests.xctest */;
			productType = "com.apple.product-type.bundle.ui-testing";
		};
/* End PBXNativeTarget section */

/* Begin PBXProject section */
		64ACB19A1B6371CA00C8C22A /* Project object */ = {
			isa = PBXProject;
			attributes = {
				LastSwiftMigration = 0700;
				LastSwiftUpdateCheck = 0700;
				LastUpgradeCheck = 0700;
				ORGANIZATIONNAME = MoShou;
				TargetAttributes = {
					64ACB1A11B6371CA00C8C22A = {
						CreatedOnToolsVersion = 7.0;
						DevelopmentTeam = 98GGXKMU33;
					};
					64ACB1B51B6371CA00C8C22A = {
						CreatedOnToolsVersion = 7.0;
						TestTargetID = 64ACB1A11B6371CA00C8C22A;
					};
					64ACB1C01B6371CA00C8C22A = {
						CreatedOnToolsVersion = 7.0;
						TestTargetID = 64ACB1A11B6371CA00C8C22A;
					};
				};
			};
			buildConfigurationList = 64ACB19D1B6371CA00C8C22A /* Build configuration list for PBXProject "EVE" */;
			compatibilityVersion = "Xcode 3.2";
			developmentRegion = English;
			hasScannedForEncodings = 0;
			knownRegions = (
				en,
				Base,
			);
			mainGroup = 64ACB1991B6371CA00C8C22A;
			productRefGroup = 64ACB1A31B6371CA00C8C22A /* Products */;
			projectDirPath = "";
			projectRoot = "";
			targets = (
				64ACB1A11B6371CA00C8C22A /* EVE */,
				64ACB1B51B6371CA00C8C22A /* EVETests */,
				64ACB1C01B6371CA00C8C22A /* EVEUITests */,
			);
		};
/* End PBXProject section */

/* Begin PBXResourcesBuildPhase section */
		64ACB1A01B6371CA00C8C22A /* Resources */ = {
			isa = PBXResourcesBuildPhase;
			buildActionMask = 2147483647;
			files = (
				640AE8201B69A5E20068EE94 /* Portrait.png in Resources */,
				64350CAC1B6EF3C500726BA1 /* market.png in Resources */,
				64ACB1B01B6371CA00C8C22A /* LaunchScreen.storyboard in Resources */,
				6462EF861B6C53F2008E2FBA /* evesansneue-condensed.otf in Resources */,
				64963B471B679B0700317D74 /* evemail.png in Resources */,
				64ACB1AD1B6371CA00C8C22A /* Assets.xcassets in Resources */,
				6462EF8B1B6C53F2008E2FBA /* evesansneue-expandedbold.otf in Resources */,
				6462EF8E1B6C53F2008E2FBA /* evesansneue-italic.otf in Resources */,
				6462EF8C1B6C53F2008E2FBA /* evesansneue-expandedbolditalic.otf in Resources */,
				64DD9E9D1B67055600B51AC4 /* eve-logo-flare.png in Resources */,
				64350CAE1B6EF3D800726BA1 /* calendar.png in Resources */,
				64963B3C1B67923500317D74 /* Virgo.png in Resources */,
				64963B411B679AD700317D74 /* assets.png in Resources */,
				64328B7F1B63B7930036B88F /* bg.mp4 in Resources */,
				647A49D61B68532500D64D17 /* Main.storyboard in Resources */,
				6462EF8D1B6C53F2008E2FBA /* evesansneue-expandeditalic.otf in Resources */,
				6462EF841B6C53F2008E2FBA /* evesansneue-bold.otf in Resources */,
				6462EF8F1B6C53F2008E2FBA /* evesansneue-regular.otf in Resources */,
				640AE8221B69A5E20068EE94 /* NNS.png in Resources */,
				64963B3F1B679AC800317D74 /* charactersheet.png in Resources */,
				64350CB41B6EFB6A00726BA1 /* Settings.png in Resources */,
				6462EF891B6C53F2008E2FBA /* evesansneue-condenseditalic.otf in Resources */,
				64350CB01B6EF83400726BA1 /* Industry.png in Resources */,
				64963B431B679AEB00317D74 /* wallet.png in Resources */,
				6462EF871B6C53F2008E2FBA /* evesansneue-condensedbold.otf in Resources */,
				64DD9E931B66322C00B51AC4 /* EVE_SSO_Login_Button.png in Resources */,
				640AE8211B69A5E20068EE94 /* FCON.png in Resources */,
				6462EF771B6C524F008E2FBA /* eve.ttf in Resources */,
				64DD9E9B1B6704CB00B51AC4 /* spark.png in Resources */,
				6462EF881B6C53F2008E2FBA /* evesansneue-condensedbolditalic.otf in Resources */,
				64963B451B679AF400317D74 /* skills.png in Resources */,
				645DD2DA1B6CC0990076F8E3 /* LineH.png in Resources */,
				64350CB21B6EF83C00726BA1 /* killreport.png in Resources */,
				6462EF851B6C53F2008E2FBA /* evesansneue-bolditalic.otf in Resources */,
				6462EF8A1B6C53F2008E2FBA /* evesansneue-expanded.otf in Resources */,
				64C31B111B6DABAC00F67C07 /* LineV.png in Resources */,
			);
			runOnlyForDeploymentPostprocessing = 0;
		};
		64ACB1B41B6371CA00C8C22A /* Resources */ = {
			isa = PBXResourcesBuildPhase;
			buildActionMask = 2147483647;
			files = (
			);
			runOnlyForDeploymentPostprocessing = 0;
		};
		64ACB1BF1B6371CA00C8C22A /* Resources */ = {
			isa = PBXResourcesBuildPhase;
			buildActionMask = 2147483647;
			files = (
			);
			runOnlyForDeploymentPostprocessing = 0;
		};
/* End PBXResourcesBuildPhase section */

/* Begin PBXShellScriptBuildPhase section */
		2A1DC2CA77D304E8037982F4 /* Check Pods Manifest.lock */ = {
			isa = PBXShellScriptBuildPhase;
			buildActionMask = 2147483647;
			files = (
			);
			inputPaths = (
			);
			name = "Check Pods Manifest.lock";
			outputPaths = (
			);
			runOnlyForDeploymentPostprocessing = 0;
			shellPath = /bin/sh;
			shellScript = "diff \"${PODS_ROOT}/../Podfile.lock\" \"${PODS_ROOT}/Manifest.lock\" > /dev/null\nif [[ $? != 0 ]] ; then\n    cat << EOM\nerror: The sandbox is not in sync with the Podfile.lock. Run 'pod install' or update your CocoaPods installation.\nEOM\n    exit 1\nfi\n";
			showEnvVarsInLog = 0;
		};
		322DF2591E2D0B06129C1D44 /* Embed Pods Frameworks */ = {
			isa = PBXShellScriptBuildPhase;
			buildActionMask = 2147483647;
			files = (
			);
			inputPaths = (
			);
			name = "Embed Pods Frameworks";
			outputPaths = (
			);
			runOnlyForDeploymentPostprocessing = 0;
			shellPath = /bin/sh;
			shellScript = "\"${SRCROOT}/Pods/Target Support Files/Pods/Pods-frameworks.sh\"\n";
			showEnvVarsInLog = 0;
		};
		45AB43F28FE5069418DEA498 /* Copy Pods Resources */ = {
			isa = PBXShellScriptBuildPhase;
			buildActionMask = 2147483647;
			files = (
			);
			inputPaths = (
			);
			name = "Copy Pods Resources";
			outputPaths = (
			);
			runOnlyForDeploymentPostprocessing = 0;
			shellPath = /bin/sh;
			shellScript = "\"${SRCROOT}/Pods/Target Support Files/Pods/Pods-resources.sh\"\n";
			showEnvVarsInLog = 0;
		};
		8EA1B566C2B933F72DE3841E /* Copy Pods Resources */ = {
			isa = PBXShellScriptBuildPhase;
			buildActionMask = 2147483647;
			files = (
			);
			inputPaths = (
			);
			name = "Copy Pods Resources";
			outputPaths = (
			);
			runOnlyForDeploymentPostprocessing = 0;
			shellPath = /bin/sh;
			shellScript = "\"${SRCROOT}/Pods/Target Support Files/Pods/Pods-resources.sh\"\n";
			showEnvVarsInLog = 0;
		};
		97F85D1F7B9D7E298A1A247C /* Check Pods Manifest.lock */ = {
			isa = PBXShellScriptBuildPhase;
			buildActionMask = 2147483647;
			files = (
			);
			inputPaths = (
			);
			name = "Check Pods Manifest.lock";
			outputPaths = (
			);
			runOnlyForDeploymentPostprocessing = 0;
			shellPath = /bin/sh;
			shellScript = "diff \"${PODS_ROOT}/../Podfile.lock\" \"${PODS_ROOT}/Manifest.lock\" > /dev/null\nif [[ $? != 0 ]] ; then\n    cat << EOM\nerror: The sandbox is not in sync with the Podfile.lock. Run 'pod install' or update your CocoaPods installation.\nEOM\n    exit 1\nfi\n";
			showEnvVarsInLog = 0;
		};
		C32990AED90E5970D8B5D3AA /* Embed Pods Frameworks */ = {
			isa = PBXShellScriptBuildPhase;
			buildActionMask = 2147483647;
			files = (
			);
			inputPaths = (
			);
			name = "Embed Pods Frameworks";
			outputPaths = (
			);
			runOnlyForDeploymentPostprocessing = 0;
			shellPath = /bin/sh;
			shellScript = "\"${SRCROOT}/Pods/Target Support Files/Pods/Pods-frameworks.sh\"\n";
			showEnvVarsInLog = 0;
		};
/* End PBXShellScriptBuildPhase section */

/* Begin PBXSourcesBuildPhase section */
		64ACB19E1B6371CA00C8C22A /* Sources */ = {
			isa = PBXSourcesBuildPhase;
			buildActionMask = 2147483647;
			files = (
				64421DFD1B63C7CB00CD6F28 /* CRest.swift in Sources */,
				6462EF911B6C54F9008E2FBA /* HomeGradientView.swift in Sources */,
				64ACB1A81B6371CA00C8C22A /* HomeViewController.swift in Sources */,
				644D88191B65123D00BF6FAC /* URLParser.swift in Sources */,
				64ACB1A61B6371CA00C8C22A /* AppDelegate.swift in Sources */,
				645DD2DC1B6CC34E0076F8E3 /* HomeScrollLabel.swift in Sources */,
				6402F2611B6857940069F8C5 /* Constellation.swift in Sources */,
			);
			runOnlyForDeploymentPostprocessing = 0;
		};
		64ACB1B21B6371CA00C8C22A /* Sources */ = {
			isa = PBXSourcesBuildPhase;
			buildActionMask = 2147483647;
			files = (
				64ACB1BB1B6371CA00C8C22A /* EVETests.swift in Sources */,
			);
			runOnlyForDeploymentPostprocessing = 0;
		};
		64ACB1BD1B6371CA00C8C22A /* Sources */ = {
			isa = PBXSourcesBuildPhase;
			buildActionMask = 2147483647;
			files = (
				64ACB1C61B6371CA00C8C22A /* EVEUITests.swift in Sources */,
			);
			runOnlyForDeploymentPostprocessing = 0;
		};
/* End PBXSourcesBuildPhase section */

/* Begin PBXTargetDependency section */
		64ACB1B81B6371CA00C8C22A /* PBXTargetDependency */ = {
			isa = PBXTargetDependency;
			target = 64ACB1A11B6371CA00C8C22A /* EVE */;
			targetProxy = 64ACB1B71B6371CA00C8C22A /* PBXContainerItemProxy */;
		};
		64ACB1C31B6371CA00C8C22A /* PBXTargetDependency */ = {
			isa = PBXTargetDependency;
			target = 64ACB1A11B6371CA00C8C22A /* EVE */;
			targetProxy = 64ACB1C21B6371CA00C8C22A /* PBXContainerItemProxy */;
		};
/* End PBXTargetDependency section */

/* Begin PBXVariantGroup section */
		647A49D41B68532500D64D17 /* Main.storyboard */ = {
			isa = PBXVariantGroup;
			children = (
				647A49D51B68532500D64D17 /* Base */,
			);
			name = Main.storyboard;
			sourceTree = "<group>";
		};
		64ACB1AE1B6371CA00C8C22A /* LaunchScreen.storyboard */ = {
			isa = PBXVariantGroup;
			children = (
				64ACB1AF1B6371CA00C8C22A /* Base */,
			);
			name = LaunchScreen.storyboard;
			sourceTree = "<group>";
		};
/* End PBXVariantGroup section */

/* Begin XCBuildConfiguration section */
		64ACB1C81B6371CA00C8C22A /* Debug */ = {
			isa = XCBuildConfiguration;
			baseConfigurationReference = D279A84A0BAE59DA701DDCA8 /* Pods.debug.xcconfig */;
			buildSettings = {
				ALWAYS_SEARCH_USER_PATHS = NO;
				CLANG_CXX_LANGUAGE_STANDARD = "gnu++0x";
				CLANG_CXX_LIBRARY = "libc++";
				CLANG_ENABLE_MODULES = YES;
				CLANG_ENABLE_OBJC_ARC = YES;
				CLANG_WARN_BOOL_CONVERSION = YES;
				CLANG_WARN_CONSTANT_CONVERSION = YES;
				CLANG_WARN_DIRECT_OBJC_ISA_USAGE = YES_ERROR;
				CLANG_WARN_EMPTY_BODY = YES;
				CLANG_WARN_ENUM_CONVERSION = YES;
				CLANG_WARN_INT_CONVERSION = YES;
				CLANG_WARN_OBJC_ROOT_CLASS = YES_ERROR;
				CLANG_WARN_UNREACHABLE_CODE = YES;
				CLANG_WARN__DUPLICATE_METHOD_MATCH = YES;
				"CODE_SIGN_IDENTITY[sdk=iphoneos*]" = "iPhone Developer";
				COPY_PHASE_STRIP = NO;
				DEBUG_INFORMATION_FORMAT = dwarf;
				ENABLE_STRICT_OBJC_MSGSEND = YES;
				ENABLE_TESTABILITY = YES;
				GCC_C_LANGUAGE_STANDARD = gnu99;
				GCC_DYNAMIC_NO_PIC = NO;
				GCC_NO_COMMON_BLOCKS = YES;
				GCC_OPTIMIZATION_LEVEL = 0;
				GCC_PREPROCESSOR_DEFINITIONS = (
					"DEBUG=1",
					"$(inherited)",
				);
				GCC_WARN_64_TO_32_BIT_CONVERSION = YES;
				GCC_WARN_ABOUT_RETURN_TYPE = YES_ERROR;
				GCC_WARN_UNDECLARED_SELECTOR = YES;
				GCC_WARN_UNINITIALIZED_AUTOS = YES_AGGRESSIVE;
				GCC_WARN_UNUSED_FUNCTION = YES;
				GCC_WARN_UNUSED_VARIABLE = YES;
				IPHONEOS_DEPLOYMENT_TARGET = 8.4;
				MTL_ENABLE_DEBUG_INFO = YES;
				ONLY_ACTIVE_ARCH = YES;
				SDKROOT = iphoneos;
				SWIFT_OPTIMIZATION_LEVEL = "-Onone";
				TARGETED_DEVICE_FAMILY = "1,2";
			};
			name = Debug;
		};
		64ACB1C91B6371CA00C8C22A /* Release */ = {
			isa = XCBuildConfiguration;
			baseConfigurationReference = EB186415FC884F0170A3C43B /* Pods.release.xcconfig */;
			buildSettings = {
				ALWAYS_SEARCH_USER_PATHS = NO;
				CLANG_CXX_LANGUAGE_STANDARD = "gnu++0x";
				CLANG_CXX_LIBRARY = "libc++";
				CLANG_ENABLE_MODULES = YES;
				CLANG_ENABLE_OBJC_ARC = YES;
				CLANG_WARN_BOOL_CONVERSION = YES;
				CLANG_WARN_CONSTANT_CONVERSION = YES;
				CLANG_WARN_DIRECT_OBJC_ISA_USAGE = YES_ERROR;
				CLANG_WARN_EMPTY_BODY = YES;
				CLANG_WARN_ENUM_CONVERSION = YES;
				CLANG_WARN_INT_CONVERSION = YES;
				CLANG_WARN_OBJC_ROOT_CLASS = YES_ERROR;
				CLANG_WARN_UNREACHABLE_CODE = YES;
				CLANG_WARN__DUPLICATE_METHOD_MATCH = YES;
				"CODE_SIGN_IDENTITY[sdk=iphoneos*]" = "iPhone Developer";
				COPY_PHASE_STRIP = NO;
				DEBUG_INFORMATION_FORMAT = "dwarf-with-dsym";
				ENABLE_NS_ASSERTIONS = NO;
				ENABLE_STRICT_OBJC_MSGSEND = YES;
				GCC_C_LANGUAGE_STANDARD = gnu99;
				GCC_NO_COMMON_BLOCKS = YES;
				GCC_WARN_64_TO_32_BIT_CONVERSION = YES;
				GCC_WARN_ABOUT_RETURN_TYPE = YES_ERROR;
				GCC_WARN_UNDECLARED_SELECTOR = YES;
				GCC_WARN_UNINITIALIZED_AUTOS = YES_AGGRESSIVE;
				GCC_WARN_UNUSED_FUNCTION = YES;
				GCC_WARN_UNUSED_VARIABLE = YES;
				IPHONEOS_DEPLOYMENT_TARGET = 8.4;
				MTL_ENABLE_DEBUG_INFO = NO;
				SDKROOT = iphoneos;
				TARGETED_DEVICE_FAMILY = "1,2";
				VALIDATE_PRODUCT = YES;
			};
			name = Release;
		};
		64ACB1CB1B6371CA00C8C22A /* Debug */ = {
			isa = XCBuildConfiguration;
			baseConfigurationReference = D279A84A0BAE59DA701DDCA8 /* Pods.debug.xcconfig */;
			buildSettings = {
				ASSETCATALOG_COMPILER_APPICON_NAME = AppIcon;
				CODE_SIGN_IDENTITY = "iPhone Developer";
				"CODE_SIGN_IDENTITY[sdk=iphoneos*]" = "iPhone Developer";
				EMBEDDED_CONTENT_CONTAINS_SWIFT = YES;
				ENABLE_BITCODE = NO;
				INFOPLIST_FILE = EVE/Info.plist;
				IPHONEOS_DEPLOYMENT_TARGET = 8.4;
				LD_RUNPATH_SEARCH_PATHS = "$(inherited) @executable_path/Frameworks";
				PRODUCT_BUNDLE_IDENTIFIER = com.moshou.EVE;
				PRODUCT_NAME = "$(TARGET_NAME)";
				PROVISIONING_PROFILE = "";
			};
			name = Debug;
		};
		64ACB1CC1B6371CA00C8C22A /* Release */ = {
			isa = XCBuildConfiguration;
			baseConfigurationReference = EB186415FC884F0170A3C43B /* Pods.release.xcconfig */;
			buildSettings = {
				ASSETCATALOG_COMPILER_APPICON_NAME = AppIcon;
				CODE_SIGN_IDENTITY = "iPhone Developer";
				"CODE_SIGN_IDENTITY[sdk=iphoneos*]" = "iPhone Developer";
				EMBEDDED_CONTENT_CONTAINS_SWIFT = YES;
				ENABLE_BITCODE = NO;
				INFOPLIST_FILE = EVE/Info.plist;
				IPHONEOS_DEPLOYMENT_TARGET = 8.4;
				LD_RUNPATH_SEARCH_PATHS = "$(inherited) @executable_path/Frameworks";
				PRODUCT_BUNDLE_IDENTIFIER = com.moshou.EVE;
				PRODUCT_NAME = "$(TARGET_NAME)";
				PROVISIONING_PROFILE = "";
			};
			name = Release;
		};
		64ACB1CE1B6371CA00C8C22A /* Debug */ = {
			isa = XCBuildConfiguration;
			baseConfigurationReference = D279A84A0BAE59DA701DDCA8 /* Pods.debug.xcconfig */;
			buildSettings = {
				BUNDLE_LOADER = "$(TEST_HOST)";
				INFOPLIST_FILE = EVETests/Info.plist;
				LD_RUNPATH_SEARCH_PATHS = "$(inherited) @executable_path/Frameworks @loader_path/Frameworks";
				PRODUCT_BUNDLE_IDENTIFIER = com.moshou.EVETests;
				PRODUCT_NAME = "$(TARGET_NAME)";
				TEST_HOST = "$(BUILT_PRODUCTS_DIR)/EVE.app/EVE";
			};
			name = Debug;
		};
		64ACB1CF1B6371CA00C8C22A /* Release */ = {
			isa = XCBuildConfiguration;
			baseConfigurationReference = EB186415FC884F0170A3C43B /* Pods.release.xcconfig */;
			buildSettings = {
				BUNDLE_LOADER = "$(TEST_HOST)";
				INFOPLIST_FILE = EVETests/Info.plist;
				LD_RUNPATH_SEARCH_PATHS = "$(inherited) @executable_path/Frameworks @loader_path/Frameworks";
				PRODUCT_BUNDLE_IDENTIFIER = com.moshou.EVETests;
				PRODUCT_NAME = "$(TARGET_NAME)";
				TEST_HOST = "$(BUILT_PRODUCTS_DIR)/EVE.app/EVE";
			};
			name = Release;
		};
		64ACB1D11B6371CA00C8C22A /* Debug */ = {
			isa = XCBuildConfiguration;
			buildSettings = {
				INFOPLIST_FILE = EVEUITests/Info.plist;
				LD_RUNPATH_SEARCH_PATHS = "$(inherited) @executable_path/Frameworks @loader_path/Frameworks";
				PRODUCT_BUNDLE_IDENTIFIER = com.moshou.EVEUITests;
				PRODUCT_NAME = "$(TARGET_NAME)";
				TEST_TARGET_NAME = EVE;
				USES_XCTRUNNER = YES;
			};
			name = Debug;
		};
		64ACB1D21B6371CA00C8C22A /* Release */ = {
			isa = XCBuildConfiguration;
			buildSettings = {
				INFOPLIST_FILE = EVEUITests/Info.plist;
				LD_RUNPATH_SEARCH_PATHS = "$(inherited) @executable_path/Frameworks @loader_path/Frameworks";
				PRODUCT_BUNDLE_IDENTIFIER = com.moshou.EVEUITests;
				PRODUCT_NAME = "$(TARGET_NAME)";
				TEST_TARGET_NAME = EVE;
				USES_XCTRUNNER = YES;
			};
			name = Release;
		};
/* End XCBuildConfiguration section */

/* Begin XCConfigurationList section */
		64ACB19D1B6371CA00C8C22A /* Build configuration list for PBXProject "EVE" */ = {
			isa = XCConfigurationList;
			buildConfigurations = (
				64ACB1C81B6371CA00C8C22A /* Debug */,
				64ACB1C91B6371CA00C8C22A /* Release */,
			);
			defaultConfigurationIsVisible = 0;
			defaultConfigurationName = Release;
		};
		64ACB1CA1B6371CA00C8C22A /* Build configuration list for PBXNativeTarget "EVE" */ = {
			isa = XCConfigurationList;
			buildConfigurations = (
				64ACB1CB1B6371CA00C8C22A /* Debug */,
				64ACB1CC1B6371CA00C8C22A /* Release */,
			);
			defaultConfigurationIsVisible = 0;
			defaultConfigurationName = Release;
		};
		64ACB1CD1B6371CA00C8C22A /* Build configuration list for PBXNativeTarget "EVETests" */ = {
			isa = XCConfigurationList;
			buildConfigurations = (
				64ACB1CE1B6371CA00C8C22A /* Debug */,
				64ACB1CF1B6371CA00C8C22A /* Release */,
			);
			defaultConfigurationIsVisible = 0;
			defaultConfigurationName = Release;
		};
		64ACB1D01B6371CA00C8C22A /* Build configuration list for PBXNativeTarget "EVEUITests" */ = {
			isa = XCConfigurationList;
			buildConfigurations = (
				64ACB1D11B6371CA00C8C22A /* Debug */,
				64ACB1D21B6371CA00C8C22A /* Release */,
			);
			defaultConfigurationIsVisible = 0;
			defaultConfigurationName = Release;
		};
/* End XCConfigurationList section */
	};
	rootObject = 64ACB19A1B6371CA00C8C22A /* Project object */;
}
